# This file is generated by running "yarn install" inside your project.
# Manual changes might be lost - proceed with caution!

__metadata:
  version: 6
  cacheKey: 8

"root-workspace-0b6124@workspace:.":
  version: 0.0.0-use.local
  resolution: "root-workspace-0b6124@workspace:."
  dependencies:
    test-package: ^0.0.1
  languageName: unknown
  linkType: soft

"test-package@npm:^0.0.1":
  version: 0.0.1
  resolution: "test-package@npm:0.0.1"
  checksum: 81c0e451167a3b746b6e2f3048a1573265b6f3fee4d6e04aacc86957e42581f76a845830a0d2c93b5e209f761b4b6aa3922739e1d53a36bab50d310ba633f7bb
  languageName: node
  linkType: hard
